// !$*UTF8*$!
{
	archiveVersion = 1;
	classes = {
	};
	objectVersion = 56;
	objects = {

/* Begin PBXBuildFile section */
		5AABEA8E2A79C512003F8D2C /* AppDelegate.swift in Sources */ = {isa = PBXBuildFile; fileRef = 5AABEA8D2A79C512003F8D2C /* AppDelegate.swift */; };
		5AABEA902A79C512003F8D2C /* SceneDelegate.swift in Sources */ = {isa = PBXBuildFile; fileRef = 5AABEA8F2A79C512003F8D2C /* SceneDelegate.swift */; };
		5AABEA952A79C512003F8D2C /* Main.storyboard in Resources */ = {isa = PBXBuildFile; fileRef = 5AABEA932A79C512003F8D2C /* Main.storyboard */; };
		5AABEA972A79C513003F8D2C /* Assets.xcassets in Resources */ = {isa = PBXBuildFile; fileRef = 5AABEA962A79C513003F8D2C /* Assets.xcassets */; };
		5AABEA9A2A79C513003F8D2C /* LaunchScreen.storyboard in Resources */ = {isa = PBXBuildFile; fileRef = 5AABEA982A79C513003F8D2C /* LaunchScreen.storyboard */; };
		5AABEAA62A79C632003F8D2C /* AssemblyProtocol.swift in Sources */ = {isa = PBXBuildFile; fileRef = 5AABEAA52A79C632003F8D2C /* AssemblyProtocol.swift */; };
		5AABEAA82A79C642003F8D2C /* Assembly.swift in Sources */ = {isa = PBXBuildFile; fileRef = 5AABEAA72A79C642003F8D2C /* Assembly.swift */; };
		5AABEAAB2A79C670003F8D2C /* Constants.swift in Sources */ = {isa = PBXBuildFile; fileRef = 5AABEAAA2A79C670003F8D2C /* Constants.swift */; };
		5AABEAAE2A79C696003F8D2C /* UILabel+.swift in Sources */ = {isa = PBXBuildFile; fileRef = 5AABEAAD2A79C696003F8D2C /* UILabel+.swift */; };
		5AABEAB12A79C6C1003F8D2C /* UIButton+.swift in Sources */ = {isa = PBXBuildFile; fileRef = 5AABEAB02A79C6C1003F8D2C /* UIButton+.swift */; };
		5AABEAB32A79C6D8003F8D2C /* UIImageView+.swift in Sources */ = {isa = PBXBuildFile; fileRef = 5AABEAB22A79C6D8003F8D2C /* UIImageView+.swift */; };
		5AABEAB52A79C6E8003F8D2C /* UIStackView+.swift in Sources */ = {isa = PBXBuildFile; fileRef = 5AABEAB42A79C6E8003F8D2C /* UIStackView+.swift */; };
		5AABEAB72A79C700003F8D2C /* ProfileModel.swift in Sources */ = {isa = PBXBuildFile; fileRef = 5AABEAB62A79C700003F8D2C /* ProfileModel.swift */; };
		5AABEABA2A79C724003F8D2C /* ProfileView.swift in Sources */ = {isa = PBXBuildFile; fileRef = 5AABEAB92A79C724003F8D2C /* ProfileView.swift */; };
		5AABEABD2A79C74B003F8D2C /* ProfileViewControllerDelegate.swift in Sources */ = {isa = PBXBuildFile; fileRef = 5AABEABC2A79C74B003F8D2C /* ProfileViewControllerDelegate.swift */; };
		5AABEABF2A79C781003F8D2C /* ProfileViewController.swift in Sources */ = {isa = PBXBuildFile; fileRef = 5AABEABE2A79C781003F8D2C /* ProfileViewController.swift */; };
		5AABEAC32A79C7C4003F8D2C /* ProfileViewController+ProfileViewInput.swift in Sources */ = {isa = PBXBuildFile; fileRef = 5AABEAC22A79C7C4003F8D2C /* ProfileViewController+ProfileViewInput.swift */; };
		5AABEAC52A79C7E6003F8D2C /* ProfileViewController+ProfileViewControllerDelegate.swift in Sources */ = {isa = PBXBuildFile; fileRef = 5AABEAC42A79C7E6003F8D2C /* ProfileViewController+ProfileViewControllerDelegate.swift */; };
		5AABEAC72A79C7F6003F8D2C /* ProfileViewInput.swift in Sources */ = {isa = PBXBuildFile; fileRef = 5AABEAC62A79C7F6003F8D2C /* ProfileViewInput.swift */; };
		5AABEAC92A79C802003F8D2C /* ProfileViewOutput.swift in Sources */ = {isa = PBXBuildFile; fileRef = 5AABEAC82A79C802003F8D2C /* ProfileViewOutput.swift */; };
		5AABEACB2A79C82A003F8D2C /* ProfilePresenter.swift in Sources */ = {isa = PBXBuildFile; fileRef = 5AABEACA2A79C82A003F8D2C /* ProfilePresenter.swift */; };
		5AEC3FED2A79E0FC00CF998B /* TagViewCell.swift in Sources */ = {isa = PBXBuildFile; fileRef = 5AEC3FEC2A79E0FC00CF998B /* TagViewCell.swift */; };
		5AEC3FEF2A79E11A00CF998B /* TagCollectionView.swift in Sources */ = {isa = PBXBuildFile; fileRef = 5AEC3FEE2A79E11A00CF998B /* TagCollectionView.swift */; };
		5AEC3FF42A79E6EE00CF998B /* CellModel.swift in Sources */ = {isa = PBXBuildFile; fileRef = 5AEC3FF32A79E6EE00CF998B /* CellModel.swift */; };
		5AEC3FF62A79E8B600CF998B /* ProfileViewController+UICollectionViewDataSource.swift in Sources */ = {isa = PBXBuildFile; fileRef = 5AEC3FF52A79E8B600CF998B /* ProfileViewController+UICollectionViewDataSource.swift */; };
/* End PBXBuildFile section */

/* Begin PBXFileReference section */
		5AABEA8A2A79C512003F8D2C /* Add Tags.app */ = {isa = PBXFileReference; explicitFileType = wrapper.application; includeInIndex = 0; path = "Add Tags.app"; sourceTree = BUILT_PRODUCTS_DIR; };
		5AABEA8D2A79C512003F8D2C /* AppDelegate.swift */ = {isa = PBXFileReference; lastKnownFileType = sourcecode.swift; path = AppDelegate.swift; sourceTree = "<group>"; };
		5AABEA8F2A79C512003F8D2C /* SceneDelegate.swift */ = {isa = PBXFileReference; lastKnownFileType = sourcecode.swift; path = SceneDelegate.swift; sourceTree = "<group>"; };
		5AABEA942A79C512003F8D2C /* Base */ = {isa = PBXFileReference; lastKnownFileType = file.storyboard; name = Base; path = Base.lproj/Main.storyboard; sourceTree = "<group>"; };
		5AABEA962A79C513003F8D2C /* Assets.xcassets */ = {isa = PBXFileReference; lastKnownFileType = folder.assetcatalog; path = Assets.xcassets; sourceTree = "<group>"; };
		5AABEA992A79C513003F8D2C /* Base */ = {isa = PBXFileReference; lastKnownFileType = file.storyboard; name = Base; path = Base.lproj/LaunchScreen.storyboard; sourceTree = "<group>"; };
		5AABEA9B2A79C513003F8D2C /* Info.plist */ = {isa = PBXFileReference; lastKnownFileType = text.plist.xml; path = Info.plist; sourceTree = "<group>"; };
		5AABEAA52A79C632003F8D2C /* AssemblyProtocol.swift */ = {isa = PBXFileReference; lastKnownFileType = sourcecode.swift; path = AssemblyProtocol.swift; sourceTree = "<group>"; };
		5AABEAA72A79C642003F8D2C /* Assembly.swift */ = {isa = PBXFileReference; lastKnownFileType = sourcecode.swift; path = Assembly.swift; sourceTree = "<group>"; };
		5AABEAAA2A79C670003F8D2C /* Constants.swift */ = {isa = PBXFileReference; lastKnownFileType = sourcecode.swift; path = Constants.swift; sourceTree = "<group>"; };
		5AABEAAD2A79C696003F8D2C /* UILabel+.swift */ = {isa = PBXFileReference; lastKnownFileType = sourcecode.swift; path = "UILabel+.swift"; sourceTree = "<group>"; };
		5AABEAB02A79C6C1003F8D2C /* UIButton+.swift */ = {isa = PBXFileReference; lastKnownFileType = sourcecode.swift; path = "UIButton+.swift"; sourceTree = "<group>"; };
		5AABEAB22A79C6D8003F8D2C /* UIImageView+.swift */ = {isa = PBXFileReference; lastKnownFileType = sourcecode.swift; path = "UIImageView+.swift"; sourceTree = "<group>"; };
		5AABEAB42A79C6E8003F8D2C /* UIStackView+.swift */ = {isa = PBXFileReference; lastKnownFileType = sourcecode.swift; path = "UIStackView+.swift"; sourceTree = "<group>"; };
		5AABEAB62A79C700003F8D2C /* ProfileModel.swift */ = {isa = PBXFileReference; lastKnownFileType = sourcecode.swift; path = ProfileModel.swift; sourceTree = "<group>"; };
		5AABEAB92A79C724003F8D2C /* ProfileView.swift */ = {isa = PBXFileReference; lastKnownFileType = sourcecode.swift; path = ProfileView.swift; sourceTree = "<group>"; };
		5AABEABC2A79C74B003F8D2C /* ProfileViewControllerDelegate.swift */ = {isa = PBXFileReference; lastKnownFileType = sourcecode.swift; path = ProfileViewControllerDelegate.swift; sourceTree = "<group>"; };
		5AABEABE2A79C781003F8D2C /* ProfileViewController.swift */ = {isa = PBXFileReference; lastKnownFileType = sourcecode.swift; path = ProfileViewController.swift; sourceTree = "<group>"; };
		5AABEAC22A79C7C4003F8D2C /* ProfileViewController+ProfileViewInput.swift */ = {isa = PBXFileReference; lastKnownFileType = sourcecode.swift; path = "ProfileViewController+ProfileViewInput.swift"; sourceTree = "<group>"; };
		5AABEAC42A79C7E6003F8D2C /* ProfileViewController+ProfileViewControllerDelegate.swift */ = {isa = PBXFileReference; lastKnownFileType = sourcecode.swift; path = "ProfileViewController+ProfileViewControllerDelegate.swift"; sourceTree = "<group>"; };
		5AABEAC62A79C7F6003F8D2C /* ProfileViewInput.swift */ = {isa = PBXFileReference; lastKnownFileType = sourcecode.swift; path = ProfileViewInput.swift; sourceTree = "<group>"; };
		5AABEAC82A79C802003F8D2C /* ProfileViewOutput.swift */ = {isa = PBXFileReference; lastKnownFileType = sourcecode.swift; path = ProfileViewOutput.swift; sourceTree = "<group>"; };
		5AABEACA2A79C82A003F8D2C /* ProfilePresenter.swift */ = {isa = PBXFileReference; lastKnownFileType = sourcecode.swift; path = ProfilePresenter.swift; sourceTree = "<group>"; };
		5AEC3FEC2A79E0FC00CF998B /* TagViewCell.swift */ = {isa = PBXFileReference; lastKnownFileType = sourcecode.swift; path = TagViewCell.swift; sourceTree = "<group>"; };
		5AEC3FEE2A79E11A00CF998B /* TagCollectionView.swift */ = {isa = PBXFileReference; lastKnownFileType = sourcecode.swift; path = TagCollectionView.swift; sourceTree = "<group>"; };
		5AEC3FF32A79E6EE00CF998B /* CellModel.swift */ = {isa = PBXFileReference; lastKnownFileType = sourcecode.swift; path = CellModel.swift; sourceTree = "<group>"; };
		5AEC3FF52A79E8B600CF998B /* ProfileViewController+UICollectionViewDataSource.swift */ = {isa = PBXFileReference; lastKnownFileType = sourcecode.swift; path = "ProfileViewController+UICollectionViewDataSource.swift"; sourceTree = "<group>"; };
/* End PBXFileReference section */

/* Begin PBXFrameworksBuildPhase section */
		5AABEA872A79C512003F8D2C /* Frameworks */ = {
			isa = PBXFrameworksBuildPhase;
			buildActionMask = 2147483647;
			files = (
			);
			runOnlyForDeploymentPostprocessing = 0;
		};
/* End PBXFrameworksBuildPhase section */

/* Begin PBXGroup section */
		5AABEA812A79C512003F8D2C = {
			isa = PBXGroup;
			children = (
				5AABEA8C2A79C512003F8D2C /* Add Tags */,
				5AABEA8B2A79C512003F8D2C /* Products */,
			);
			sourceTree = "<group>";
		};
		5AABEA8B2A79C512003F8D2C /* Products */ = {
			isa = PBXGroup;
			children = (
				5AABEA8A2A79C512003F8D2C /* Add Tags.app */,
			);
			name = Products;
			sourceTree = "<group>";
		};
		5AABEA8C2A79C512003F8D2C /* Add Tags */ = {
			isa = PBXGroup;
			children = (
				5AABEAA92A79C650003F8D2C /* Assembly */,
				5AABEAA42A79C597003F8D2C /* Application */,
				5AABEAAC2A79C679003F8D2C /* Constants */,
				5AABEAAF2A79C69E003F8D2C /* Extensions */,
				5AABEAA32A79C58F003F8D2C /* Modules */,
				5AABEAA22A79C586003F8D2C /* Storyboard */,
				5AABEAA12A79C547003F8D2C /* Supporting Files */,
			);
			path = "Add Tags";
			sourceTree = "<group>";
		};
		5AABEAA12A79C547003F8D2C /* Supporting Files */ = {
			isa = PBXGroup;
			children = (
				5AABEA962A79C513003F8D2C /* Assets.xcassets */,
				5AABEA982A79C513003F8D2C /* LaunchScreen.storyboard */,
				5AABEA9B2A79C513003F8D2C /* Info.plist */,
			);
			path = "Supporting Files";
			sourceTree = "<group>";
		};
		5AABEAA22A79C586003F8D2C /* Storyboard */ = {
			isa = PBXGroup;
			children = (
				5AABEA932A79C512003F8D2C /* Main.storyboard */,
			);
			path = Storyboard;
			sourceTree = "<group>";
		};
		5AABEAA32A79C58F003F8D2C /* Modules */ = {
			isa = PBXGroup;
			children = (
				5AABEAB82A79C70C003F8D2C /* Model */,
				5AABEABB2A79C737003F8D2C /* View */,
				5AABEACC2A79C832003F8D2C /* Presenter */,
			);
			path = Modules;
			sourceTree = "<group>";
		};
		5AABEAA42A79C597003F8D2C /* Application */ = {
			isa = PBXGroup;
			children = (
				5AABEA8D2A79C512003F8D2C /* AppDelegate.swift */,
				5AABEA8F2A79C512003F8D2C /* SceneDelegate.swift */,
			);
			path = Application;
			sourceTree = "<group>";
		};
		5AABEAA92A79C650003F8D2C /* Assembly */ = {
			isa = PBXGroup;
			children = (
				5AABEAA52A79C632003F8D2C /* AssemblyProtocol.swift */,
				5AABEAA72A79C642003F8D2C /* Assembly.swift */,
			);
			path = Assembly;
			sourceTree = "<group>";
		};
		5AABEAAC2A79C679003F8D2C /* Constants */ = {
			isa = PBXGroup;
			children = (
				5AABEAAA2A79C670003F8D2C /* Constants.swift */,
			);
			path = Constants;
			sourceTree = "<group>";
		};
		5AABEAAF2A79C69E003F8D2C /* Extensions */ = {
			isa = PBXGroup;
			children = (
				5AABEAAD2A79C696003F8D2C /* UILabel+.swift */,
				5AABEAB02A79C6C1003F8D2C /* UIButton+.swift */,
				5AABEAB22A79C6D8003F8D2C /* UIImageView+.swift */,
				5AABEAB42A79C6E8003F8D2C /* UIStackView+.swift */,
			);
			path = Extensions;
			sourceTree = "<group>";
		};
		5AABEAB82A79C70C003F8D2C /* Model */ = {
			isa = PBXGroup;
			children = (
				5AABEAB62A79C700003F8D2C /* ProfileModel.swift */,
				5AEC3FF32A79E6EE00CF998B /* CellModel.swift */,
			);
			path = Model;
			sourceTree = "<group>";
		};
		5AABEABB2A79C737003F8D2C /* View */ = {
			isa = PBXGroup;
			children = (
				5AABEACD2A79C8C8003F8D2C /* Protocols */,
				5AABEAC12A79C799003F8D2C /* View */,
				5AABEAC02A79C78B003F8D2C /* Controller */,
			);
			path = View;
			sourceTree = "<group>";
		};
		5AABEAC02A79C78B003F8D2C /* Controller */ = {
			isa = PBXGroup;
			children = (
				5AABEABC2A79C74B003F8D2C /* ProfileViewControllerDelegate.swift */,
				5AABEABE2A79C781003F8D2C /* ProfileViewController.swift */,
				5AABEAC22A79C7C4003F8D2C /* ProfileViewController+ProfileViewInput.swift */,
				5AABEAC42A79C7E6003F8D2C /* ProfileViewController+ProfileViewControllerDelegate.swift */,
				5AEC3FF52A79E8B600CF998B /* ProfileViewController+UICollectionViewDataSource.swift */,
			);
			path = Controller;
			sourceTree = "<group>";
		};
		5AABEAC12A79C799003F8D2C /* View */ = {
			isa = PBXGroup;
			children = (
				5AABEAB92A79C724003F8D2C /* ProfileView.swift */,
				5AEC3FF02A79E11F00CF998B /* TagCollection */,
			);
			path = View;
			sourceTree = "<group>";
		};
		5AABEACC2A79C832003F8D2C /* Presenter */ = {
			isa = PBXGroup;
			children = (
				5AABEACA2A79C82A003F8D2C /* ProfilePresenter.swift */,
			);
			path = Presenter;
			sourceTree = "<group>";
		};
		5AABEACD2A79C8C8003F8D2C /* Protocols */ = {
			isa = PBXGroup;
			children = (
				5AABEAC62A79C7F6003F8D2C /* ProfileViewInput.swift */,
				5AABEAC82A79C802003F8D2C /* ProfileViewOutput.swift */,
			);
			path = Protocols;
			sourceTree = "<group>";
		};
		5AEC3FF02A79E11F00CF998B /* TagCollection */ = {
			isa = PBXGroup;
			children = (
				5AEC3FEC2A79E0FC00CF998B /* TagViewCell.swift */,
				5AEC3FEE2A79E11A00CF998B /* TagCollectionView.swift */,
			);
			path = TagCollection;
			sourceTree = "<group>";
		};
/* End PBXGroup section */

/* Begin PBXNativeTarget section */
		5AABEA892A79C512003F8D2C /* Add Tags */ = {
			isa = PBXNativeTarget;
			buildConfigurationList = 5AABEA9E2A79C513003F8D2C /* Build configuration list for PBXNativeTarget "Add Tags" */;
			buildPhases = (
				5AABEA862A79C512003F8D2C /* Sources */,
				5AABEA872A79C512003F8D2C /* Frameworks */,
				5AABEA882A79C512003F8D2C /* Resources */,
			);
			buildRules = (
			);
			dependencies = (
			);
			name = "Add Tags";
			productName = "Add Tags";
			productReference = 5AABEA8A2A79C512003F8D2C /* Add Tags.app */;
			productType = "com.apple.product-type.application";
		};
/* End PBXNativeTarget section */

/* Begin PBXProject section */
		5AABEA822A79C512003F8D2C /* Project object */ = {
			isa = PBXProject;
			attributes = {
				BuildIndependentTargetsInParallel = 1;
				LastSwiftUpdateCheck = 1430;
				LastUpgradeCheck = 1430;
				TargetAttributes = {
					5AABEA892A79C512003F8D2C = {
						CreatedOnToolsVersion = 14.3.1;
					};
				};
			};
			buildConfigurationList = 5AABEA852A79C512003F8D2C /* Build configuration list for PBXProject "Add Tags" */;
			compatibilityVersion = "Xcode 14.0";
			developmentRegion = en;
			hasScannedForEncodings = 0;
			knownRegions = (
				en,
				Base,
			);
			mainGroup = 5AABEA812A79C512003F8D2C;
			productRefGroup = 5AABEA8B2A79C512003F8D2C /* Products */;
			projectDirPath = "";
			projectRoot = "";
			targets = (
				5AABEA892A79C512003F8D2C /* Add Tags */,
			);
		};
/* End PBXProject section */

/* Begin PBXResourcesBuildPhase section */
		5AABEA882A79C512003F8D2C /* Resources */ = {
			isa = PBXResourcesBuildPhase;
			buildActionMask = 2147483647;
			files = (
				5AABEA9A2A79C513003F8D2C /* LaunchScreen.storyboard in Resources */,
				5AABEA972A79C513003F8D2C /* Assets.xcassets in Resources */,
				5AABEA952A79C512003F8D2C /* Main.storyboard in Resources */,
			);
			runOnlyForDeploymentPostprocessing = 0;
		};
/* End PBXResourcesBuildPhase section */

/* Begin PBXSourcesBuildPhase section */
		5AABEA862A79C512003F8D2C /* Sources */ = {
			isa = PBXSourcesBuildPhase;
			buildActionMask = 2147483647;
			files = (
				5AABEABD2A79C74B003F8D2C /* ProfileViewControllerDelegate.swift in Sources */,
				5AABEAC32A79C7C4003F8D2C /* ProfileViewController+ProfileViewInput.swift in Sources */,
				5AABEAB32A79C6D8003F8D2C /* UIImageView+.swift in Sources */,
				5AABEAC72A79C7F6003F8D2C /* ProfileViewInput.swift in Sources */,
				5AABEAA82A79C642003F8D2C /* Assembly.swift in Sources */,
				5AABEABF2A79C781003F8D2C /* ProfileViewController.swift in Sources */,
				5AABEAB72A79C700003F8D2C /* ProfileModel.swift in Sources */,
				5AEC3FED2A79E0FC00CF998B /* TagViewCell.swift in Sources */,
				5AABEABA2A79C724003F8D2C /* ProfileView.swift in Sources */,
				5AABEA8E2A79C512003F8D2C /* AppDelegate.swift in Sources */,
				5AABEA902A79C512003F8D2C /* SceneDelegate.swift in Sources */,
				5AEC3FF42A79E6EE00CF998B /* CellModel.swift in Sources */,
				5AABEAC52A79C7E6003F8D2C /* ProfileViewController+ProfileViewControllerDelegate.swift in Sources */,
				5AABEAB52A79C6E8003F8D2C /* UIStackView+.swift in Sources */,
				5AABEAAE2A79C696003F8D2C /* UILabel+.swift in Sources */,
				5AABEAA62A79C632003F8D2C /* AssemblyProtocol.swift in Sources */,
				5AABEACB2A79C82A003F8D2C /* ProfilePresenter.swift in Sources */,
				5AABEAAB2A79C670003F8D2C /* Constants.swift in Sources */,
				5AEC3FEF2A79E11A00CF998B /* TagCollectionView.swift in Sources */,
				5AABEAB12A79C6C1003F8D2C /* UIButton+.swift in Sources */,
				5AEC3FF62A79E8B600CF998B /* ProfileViewController+UICollectionViewDataSource.swift in Sources */,
				5AABEAC92A79C802003F8D2C /* ProfileViewOutput.swift in Sources */,
			);
			runOnlyForDeploymentPostprocessing = 0;
		};
/* End PBXSourcesBuildPhase section */

/* Begin PBXVariantGroup section */
		5AABEA932A79C512003F8D2C /* Main.storyboard */ = {
			isa = PBXVariantGroup;
			children = (
				5AABEA942A79C512003F8D2C /* Base */,
			);
			name = Main.storyboard;
			sourceTree = "<group>";
		};
		5AABEA982A79C513003F8D2C /* LaunchScreen.storyboard */ = {
			isa = PBXVariantGroup;
			children = (
				5AABEA992A79C513003F8D2C /* Base */,
			);
			name = LaunchScreen.storyboard;
			sourceTree = "<group>";
		};
/* End PBXVariantGroup section */

/* Begin XCBuildConfiguration section */
		5AABEA9C2A79C513003F8D2C /* Debug */ = {
			isa = XCBuildConfiguration;
			buildSettings = {
				ALWAYS_SEARCH_USER_PATHS = NO;
				CLANG_ANALYZER_NONNULL = YES;
				CLANG_ANALYZER_NUMBER_OBJECT_CONVERSION = YES_AGGRESSIVE;
				CLANG_CXX_LANGUAGE_STANDARD = "gnu++20";
				CLANG_ENABLE_MODULES = YES;
				CLANG_ENABLE_OBJC_ARC = YES;
				CLANG_ENABLE_OBJC_WEAK = YES;
				CLANG_WARN_BLOCK_CAPTURE_AUTORELEASING = YES;
				CLANG_WARN_BOOL_CONVERSION = YES;
				CLANG_WARN_COMMA = YES;
				CLANG_WARN_CONSTANT_CONVERSION = YES;
				CLANG_WARN_DEPRECATED_OBJC_IMPLEMENTATIONS = YES;
				CLANG_WARN_DIRECT_OBJC_ISA_USAGE = YES_ERROR;
				CLANG_WARN_DOCUMENTATION_COMMENTS = YES;
				CLANG_WARN_EMPTY_BODY = YES;
				CLANG_WARN_ENUM_CONVERSION = YES;
				CLANG_WARN_INFINITE_RECURSION = YES;
				CLANG_WARN_INT_CONVERSION = YES;
				CLANG_WARN_NON_LITERAL_NULL_CONVERSION = YES;
				CLANG_WARN_OBJC_IMPLICIT_RETAIN_SELF = YES;
				CLANG_WARN_OBJC_LITERAL_CONVERSION = YES;
				CLANG_WARN_OBJC_ROOT_CLASS = YES_ERROR;
				CLANG_WARN_QUOTED_INCLUDE_IN_FRAMEWORK_HEADER = YES;
				CLANG_WARN_RANGE_LOOP_ANALYSIS = YES;
				CLANG_WARN_STRICT_PROTOTYPES = YES;
				CLANG_WARN_SUSPICIOUS_MOVE = YES;
				CLANG_WARN_UNGUARDED_AVAILABILITY = YES_AGGRESSIVE;
				CLANG_WARN_UNREACHABLE_CODE = YES;
				CLANG_WARN__DUPLICATE_METHOD_MATCH = YES;
				COPY_PHASE_STRIP = NO;
				DEBUG_INFORMATION_FORMAT = dwarf;
				ENABLE_STRICT_OBJC_MSGSEND = YES;
				ENABLE_TESTABILITY = YES;
				GCC_C_LANGUAGE_STANDARD = gnu11;
				GCC_DYNAMIC_NO_PIC = NO;
				GCC_NO_COMMON_BLOCKS = YES;
				GCC_OPTIMIZATION_LEVEL = 0;
				GCC_PREPROCESSOR_DEFINITIONS = (
					"DEBUG=1",
					"$(inherited)",
				);
				GCC_WARN_64_TO_32_BIT_CONVERSION = YES;
				GCC_WARN_ABOUT_RETURN_TYPE = YES_ERROR;
				GCC_WARN_UNDECLARED_SELECTOR = YES;
				GCC_WARN_UNINITIALIZED_AUTOS = YES_AGGRESSIVE;
				GCC_WARN_UNUSED_FUNCTION = YES;
				GCC_WARN_UNUSED_VARIABLE = YES;
				IPHONEOS_DEPLOYMENT_TARGET = 16.4;
				MTL_ENABLE_DEBUG_INFO = INCLUDE_SOURCE;
				MTL_FAST_MATH = YES;
				ONLY_ACTIVE_ARCH = YES;
				SDKROOT = iphoneos;
				SWIFT_ACTIVE_COMPILATION_CONDITIONS = DEBUG;
				SWIFT_OPTIMIZATION_LEVEL = "-Onone";
			};
			name = Debug;
		};
		5AABEA9D2A79C513003F8D2C /* Release */ = {
			isa = XCBuildConfiguration;
			buildSettings = {
				ALWAYS_SEARCH_USER_PATHS = NO;
				CLANG_ANALYZER_NONNULL = YES;
				CLANG_ANALYZER_NUMBER_OBJECT_CONVERSION = YES_AGGRESSIVE;
				CLANG_CXX_LANGUAGE_STANDARD = "gnu++20";
				CLANG_ENABLE_MODULES = YES;
				CLANG_ENABLE_OBJC_ARC = YES;
				CLANG_ENABLE_OBJC_WEAK = YES;
				CLANG_WARN_BLOCK_CAPTURE_AUTORELEASING = YES;
				CLANG_WARN_BOOL_CONVERSION = YES;
				CLANG_WARN_COMMA = YES;
				CLANG_WARN_CONSTANT_CONVERSION = YES;
				CLANG_WARN_DEPRECATED_OBJC_IMPLEMENTATIONS = YES;
				CLANG_WARN_DIRECT_OBJC_ISA_USAGE = YES_ERROR;
				CLANG_WARN_DOCUMENTATION_COMMENTS = YES;
				CLANG_WARN_EMPTY_BODY = YES;
				CLANG_WARN_ENUM_CONVERSION = YES;
				CLANG_WARN_INFINITE_RECURSION = YES;
				CLANG_WARN_INT_CONVERSION = YES;
				CLANG_WARN_NON_LITERAL_NULL_CONVERSION = YES;
				CLANG_WARN_OBJC_IMPLICIT_RETAIN_SELF = YES;
				CLANG_WARN_OBJC_LITERAL_CONVERSION = YES;
				CLANG_WARN_OBJC_ROOT_CLASS = YES_ERROR;
				CLANG_WARN_QUOTED_INCLUDE_IN_FRAMEWORK_HEADER = YES;
				CLANG_WARN_RANGE_LOOP_ANALYSIS = YES;
				CLANG_WARN_STRICT_PROTOTYPES = YES;
				CLANG_WARN_SUSPICIOUS_MOVE = YES;
				CLANG_WARN_UNGUARDED_AVAILABILITY = YES_AGGRESSIVE;
				CLANG_WARN_UNREACHABLE_CODE = YES;
				CLANG_WARN__DUPLICATE_METHOD_MATCH = YES;
				COPY_PHASE_STRIP = NO;
				DEBUG_INFORMATION_FORMAT = "dwarf-with-dsym";
				ENABLE_NS_ASSERTIONS = NO;
				ENABLE_STRICT_OBJC_MSGSEND = YES;
				GCC_C_LANGUAGE_STANDARD = gnu11;
				GCC_NO_COMMON_BLOCKS = YES;
				GCC_WARN_64_TO_32_BIT_CONVERSION = YES;
				GCC_WARN_ABOUT_RETURN_TYPE = YES_ERROR;
				GCC_WARN_UNDECLARED_SELECTOR = YES;
				GCC_WARN_UNINITIALIZED_AUTOS = YES_AGGRESSIVE;
				GCC_WARN_UNUSED_FUNCTION = YES;
				GCC_WARN_UNUSED_VARIABLE = YES;
				IPHONEOS_DEPLOYMENT_TARGET = 16.4;
				MTL_ENABLE_DEBUG_INFO = NO;
				MTL_FAST_MATH = YES;
				SDKROOT = iphoneos;
				SWIFT_COMPILATION_MODE = wholemodule;
				SWIFT_OPTIMIZATION_LEVEL = "-O";
				VALIDATE_PRODUCT = YES;
			};
			name = Release;
		};
		5AABEA9F2A79C513003F8D2C /* Debug */ = {
			isa = XCBuildConfiguration;
			buildSettings = {
				ASSETCATALOG_COMPILER_APPICON_NAME = AppIcon;
				ASSETCATALOG_COMPILER_GLOBAL_ACCENT_COLOR_NAME = AccentColor;
				CODE_SIGN_STYLE = Automatic;
				CURRENT_PROJECT_VERSION = 1;
				DEVELOPMENT_TEAM = 652QHP9P4D;
				GENERATE_INFOPLIST_FILE = YES;
				INFOPLIST_FILE = "Add Tags/Supporting Files/Info.plist";
				INFOPLIST_KEY_UIApplicationSupportsIndirectInputEvents = YES;
				INFOPLIST_KEY_UILaunchStoryboardName = LaunchScreen;
				INFOPLIST_KEY_UIMainStoryboardFile = Main;
				INFOPLIST_KEY_UISupportedInterfaceOrientations_iPad = "UIInterfaceOrientationPortrait UIInterfaceOrientationPortraitUpsideDown UIInterfaceOrientationLandscapeLeft UIInterfaceOrientationLandscapeRight";
				INFOPLIST_KEY_UISupportedInterfaceOrientations_iPhone = "UIInterfaceOrientationPortrait UIInterfaceOrientationLandscapeLeft UIInterfaceOrientationLandscapeRight";
				LD_RUNPATH_SEARCH_PATHS = (
					"$(inherited)",
					"@executable_path/Frameworks",
				);
				MARKETING_VERSION = 1.0;
				PRODUCT_BUNDLE_IDENTIFIER = "dansqr3.Add-Tags";
				PRODUCT_NAME = "$(TARGET_NAME)";
				SWIFT_EMIT_LOC_STRINGS = YES;
				SWIFT_VERSION = 5.0;
				TARGETED_DEVICE_FAMILY = "1,2";
			};
			name = Debug;
		};
		5AABEAA02A79C513003F8D2C /* Release */ = {
			isa = XCBuildConfiguration;
			buildSettings = {
				ASSETCATALOG_COMPILER_APPICON_NAME = AppIcon;
				ASSETCATALOG_COMPILER_GLOBAL_ACCENT_COLOR_NAME = AccentColor;
				CODE_SIGN_STYLE = Automatic;
				CURRENT_PROJECT_VERSION = 1;
				DEVELOPMENT_TEAM = 652QHP9P4D;
				GENERATE_INFOPLIST_FILE = YES;
				INFOPLIST_FILE = "Add Tags/Supporting Files/Info.plist";
				INFOPLIST_KEY_UIApplicationSupportsIndirectInputEvents = YES;
				INFOPLIST_KEY_UILaunchStoryboardName = LaunchScreen;
				INFOPLIST_KEY_UIMainStoryboardFile = Main;
				INFOPLIST_KEY_UISupportedInterfaceOrientations_iPad = "UIInterfaceOrientationPortrait UIInterfaceOrientationPortraitUpsideDown UIInterfaceOrientationLandscapeLeft UIInterfaceOrientationLandscapeRight";
				INFOPLIST_KEY_UISupportedInterfaceOrientations_iPhone = "UIInterfaceOrientationPortrait UIInterfaceOrientationLandscapeLeft UIInterfaceOrientationLandscapeRight";
				LD_RUNPATH_SEARCH_PATHS = (
					"$(inherited)",
					"@executable_path/Frameworks",
				);
				MARKETING_VERSION = 1.0;
				PRODUCT_BUNDLE_IDENTIFIER = "dansqr3.Add-Tags";
				PRODUCT_NAME = "$(TARGET_NAME)";
				SWIFT_EMIT_LOC_STRINGS = YES;
				SWIFT_VERSION = 5.0;
				TARGETED_DEVICE_FAMILY = "1,2";
			};
			name = Release;
		};
/* End XCBuildConfiguration section */

/* Begin XCConfigurationList section */
		5AABEA852A79C512003F8D2C /* Build configuration list for PBXProject "Add Tags" */ = {
			isa = XCConfigurationList;
			buildConfigurations = (
				5AABEA9C2A79C513003F8D2C /* Debug */,
				5AABEA9D2A79C513003F8D2C /* Release */,
			);
			defaultConfigurationIsVisible = 0;
			defaultConfigurationName = Release;
		};
		5AABEA9E2A79C513003F8D2C /* Build configuration list for PBXNativeTarget "Add Tags" */ = {
			isa = XCConfigurationList;
			buildConfigurations = (
				5AABEA9F2A79C513003F8D2C /* Debug */,
				5AABEAA02A79C513003F8D2C /* Release */,
			);
			defaultConfigurationIsVisible = 0;
			defaultConfigurationName = Release;
		};
/* End XCConfigurationList section */
	};
	rootObject = 5AABEA822A79C512003F8D2C /* Project object */;
}
